
Microsoft Visual Studio Solution File, Format Version 12.00
# Visual Studio 2012
Project("{FAE04EC0-301F-11D3-BF4B-00C04F79EFBC}") = "DFT Server", "DFT Server\DFT Server.csproj", "{256ED317-14E9-4845-B6D5-21284A579FED}"
EndProject
Project("{FAE04EC0-301F-11D3-BF4B-00C04F79EFBC}") = "DFT Client", "DFT Client\DFT Client.csproj", "{AC656A1C-5325-4BD9-B296-65CC655B2665}"
EndProject
Global
	GlobalSection(SolutionConfigurationPlatforms) = preSolution
		Debug|Any CPU = Debug|Any CPU
		Release|Any CPU = Release|Any CPU
	EndGlobalSection
	GlobalSection(ProjectConfigurationPlatforms) = postSolution
		{256ED317-14E9-4845-B6D5-21284A579FED}.Debug|Any CPU.ActiveCfg = Debug|Any CPU
		{256ED317-14E9-4845-B6D5-21284A579FED}.Debug|Any CPU.Build.0 = Debug|Any CPU
		{256ED317-14E9-4845-B6D5-21284A579FED}.Release|Any CPU.ActiveCfg = Release|Any CPU
		{256ED317-14E9-4845-B6D5-21284A579FED}.Release|Any CPU.Build.0 = Release|Any CPU
		{AC656A1C-5325-4BD9-B296-65CC655B2665}.Debug|Any CPU.ActiveCfg = Debug|Any CPU
		{AC656A1C-5325-4BD9-B296-65CC655B2665}.Debug|Any CPU.Build.0 = Debug|Any CPU
		{AC656A1C-5325-4BD9-B296-65CC655B2665}.Release|Any CPU.ActiveCfg = Release|Any CPU
		{AC656A1C-5325-4BD9-B296-65CC655B2665}.Release|Any CPU.Build.0 = Release|Any CPU
	EndGlobalSection
	GlobalSection(SolutionProperties) = preSolution
		HideSolutionNode = FALSE
	EndGlobalSection
EndGlobal
